schema: '2.0'
stages:
  foo:
    cmd: python checkpoint.py
    deps:
    - path: bar
      md5: b026324c6904b2a9cb4b88d6d61c81d1
      size: 2
    - path: checkpoint.py
      md5: 443a8a88f4096afe54ee4909a09b5ecb
      size: 1204
    params:
      params.yaml:
        start: 0
      checkpoint.py:
        STEP: 1
    outs:
    - path: foo
      md5: c74d97b01eae257e44aa9d5bade97baf
      size: 2
    - path: scores.yaml
      md5: 35a1636b6b5de2ae86187085ec824872
      size: 19
