schema: '2.0'
stages:
  foo:
    cmd: python checkpoint.py
    deps:
    - path: bar
      md5: b026324c6904b2a9cb4b88d6d61c81d1
      size: 2
    - path: checkpoint.py
      md5: 443a8a88f4096afe54ee4909a09b5ecb
      size: 1204
    params:
      params.yaml:
        start: 0
      checkpoint.py:
        STEP: 1
    outs:
    - path: foo
      md5: 6f4922f45568161a8cdf4ad2299f6d23
      size: 2
    - path: scores.yaml
      md5: c208b76b57ecee182eb337a82b7df6aa
      size: 19
